{
  "name": "capacitor-braintree",
  "version": "0.1.0",
  "lockfileVersion": 1,
  "requires": true,
  "dependencies": {
    "@capacitor/android": {
      "version": "2.1.2",
      "resolved": "https://registry.npmjs.org/@capacitor/android/-/android-2.1.2.tgz",
      "integrity": "sha512-V24ZwerrFFWkcLYxhoofhg3Hv4BxH76EFr2zeVJOJkiY9yffey0VMjaE10QPyFrSIshbDtEsYwm2gxUc4wxgjA==",
      "dev": true
    },
    "@capacitor/core": {
      "version": "2.1.2",
      "resolved": "https://registry.npmjs.org/@capacitor/core/-/core-2.1.2.tgz",
      "integrity": "sha512-oi+n23h9cJ/yaeMIlrnoeCV5p7pv2XWdT+cXzwh9j72LV+Y/oSGcNgFWGEAR/B1UVlv6LnLLQSs9CUXhNlh+Nw==",
      "requires": {
        "tslib": "^1.9.0"
      }
    },
    "@capacitor/ios": {
      "version": "2.1.2",
      "resolved": "https://registry.npmjs.org/@capacitor/ios/-/ios-2.1.2.tgz",
      "integrity": "sha512-WVLZl/QQfb8YAhHth0gKS6zlwOXL1du2ZoJIDxXt1m0/xHufo4Ch+OUzvQyLaySX7J1bB08yrlZG2HKXzEcefw==",
      "dev": true
    },
    "tslib": {
      "version": "1.13.0",
      "resolved": "https://registry.npmjs.org/tslib/-/tslib-1.13.0.tgz",
      "integrity": "sha512-i/6DQjL8Xf3be4K/E6Wgpekn5Qasl1usyw++dAA35Ue5orEn65VIxOA+YvNNl9HV3qv70T7CNwjODHZrLwvd1Q=="
    },
    "typescript": {
      "version": "3.5.3",
      "resolved": "https://registry.npmjs.org/typescript/-/typescript-3.5.3.tgz",
      "integrity": "sha512-ACzBtm/PhXBDId6a6sDJfroT2pOWt/oOnk4/dElG5G33ZL776N3Y6/6bKZJBFpd+b05F3Ct9qDjMeJmRWtE2/g==",
      "dev": true
    }
  }
}
